
Microsoft Visual Studio Solution File, Format Version 12.00
# Visual Studio Version 16
VisualStudioVersion = 16.0.28729.10
MinimumVisualStudioVersion = 10.0.40219.1
Project("{FAE04EC0-301F-11D3-BF4B-00C04F79EFBC}") = "TaskManagerApplication", "TaskManagerApplication\TaskManagerApplication.csproj", "{030AC664-7554-4405-8D8E-92CDCE2CC872}"
EndProject
Global
	GlobalSection(SolutionConfigurationPlatforms) = preSolution
		Debug|Any CPU = Debug|Any CPU
		Release|Any CPU = Release|Any CPU
	EndGlobalSection
	GlobalSection(ProjectConfigurationPlatforms) = postSolution
		{030AC664-7554-4405-8D8E-92CDCE2CC872}.Debug|Any CPU.ActiveCfg = Debug|Any CPU
		{030AC664-7554-4405-8D8E-92CDCE2CC872}.Debug|Any CPU.Build.0 = Debug|Any CPU
		{030AC664-7554-4405-8D8E-92CDCE2CC872}.Release|Any CPU.ActiveCfg = Release|Any CPU
		{030AC664-7554-4405-8D8E-92CDCE2CC872}.Release|Any CPU.Build.0 = Release|Any CPU
	EndGlobalSection
	GlobalSection(SolutionProperties) = preSolution
		HideSolutionNode = FALSE
	EndGlobalSection
	GlobalSection(ExtensibilityGlobals) = postSolution
		SolutionGuid = {D1DAA90A-E660-4E48-96A2-DD06045C6066}
	EndGlobalSection
EndGlobal
